
Microsoft Visual Studio Solution File, Format Version 12.00
# Visual Studio 2012
Project("{FAE04EC0-301F-11D3-BF4B-00C04F79EFBC}") = "vksdk", "vksdk\vksdk.csproj", "{75AB15D9-2CBC-4827-B28E-785856D6F465}"
EndProject
Global
	GlobalSection(SolutionConfigurationPlatforms) = preSolution
		Debug|Any CPU = Debug|Any CPU
		Release|Any CPU = Release|Any CPU
	EndGlobalSection
	GlobalSection(ProjectConfigurationPlatforms) = postSolution
		{75AB15D9-2CBC-4827-B28E-785856D6F465}.Debug|Any CPU.ActiveCfg = Debug|Any CPU
		{75AB15D9-2CBC-4827-B28E-785856D6F465}.Debug|Any CPU.Build.0 = Debug|Any CPU
		{75AB15D9-2CBC-4827-B28E-785856D6F465}.Release|Any CPU.ActiveCfg = Release|Any CPU
		{75AB15D9-2CBC-4827-B28E-785856D6F465}.Release|Any CPU.Build.0 = Release|Any CPU
	EndGlobalSection
	GlobalSection(SolutionProperties) = preSolution
		HideSolutionNode = FALSE
	EndGlobalSection
EndGlobal
